
Microsoft Visual Studio Solution File, Format Version 12.00
# Visual Studio Version 17
VisualStudioVersion = 17.1.32421.90
MinimumVisualStudioVersion = 10.0.40219.1
Project("{9A19103F-16F7-4668-BE54-9A1E7A4F7556}") = "LaundryManagement.UI", "LaundryManagement.UI\LaundryManagement.UI.csproj", "{04A74C89-C460-4E6C-91B6-84DB9377B76C}"
EndProject
Project("{9A19103F-16F7-4668-BE54-9A1E7A4F7556}") = "LaundryManagement.BLL", "LaundryManagement.BLL\LaundryManagement.BLL.csproj", "{FD013D32-F23D-4937-9A14-BCC87BA6F91A}"
EndProject
Project("{9A19103F-16F7-4668-BE54-9A1E7A4F7556}") = "LaundryManagement.DAL", "LaundryManagement.DAL\LaundryManagement.DAL.csproj", "{9F1C6F7C-FB1C-4979-9EC3-481A019F5CFF}"
EndProject
Project("{9A19103F-16F7-4668-BE54-9A1E7A4F7556}") = "LaundryManagement.Services", "LaundryManagement.Services\LaundryManagement.Services.csproj", "{E01A6E3A-E1CC-41A1-A672-AAA5A0D17FE3}"
EndProject
Project("{9A19103F-16F7-4668-BE54-9A1E7A4F7556}") = "LaundryManagement.Domain", "LaundryManagement.Domain\LaundryManagement.Domain.csproj", "{2F97693E-F9E1-458B-9024-BF559DF6E346}"
EndProject
Project("{9A19103F-16F7-4668-BE54-9A1E7A4F7556}") = "LaundryManagement.Interfaces", "LaundryManagement.Interfaces\LaundryManagement.Interfaces.csproj", "{645011A4-8A00-48F7-BA46-582794371F6E}"
EndProject
Project("{54435603-DBB4-11D2-8724-00A0C9A8B90C}") = "LaundryManagement.Setup", "LaundryManagement.Setup\LaundryManagement.Setup.vdproj", "{3D3DED35-13CE-4209-937B-8F95AD1B6B0B}"
EndProject
Global
	GlobalSection(SolutionConfigurationPlatforms) = preSolution
		Debug|Any CPU = Debug|Any CPU
		Release|Any CPU = Release|Any CPU
	EndGlobalSection
	GlobalSection(ProjectConfigurationPlatforms) = postSolution
		{04A74C89-C460-4E6C-91B6-84DB9377B76C}.Debug|Any CPU.ActiveCfg = Debug|Any CPU
		{04A74C89-C460-4E6C-91B6-84DB9377B76C}.Debug|Any CPU.Build.0 = Debug|Any CPU
		{04A74C89-C460-4E6C-91B6-84DB9377B76C}.Release|Any CPU.ActiveCfg = Release|Any CPU
		{04A74C89-C460-4E6C-91B6-84DB9377B76C}.Release|Any CPU.Build.0 = Release|Any CPU
		{FD013D32-F23D-4937-9A14-BCC87BA6F91A}.Debug|Any CPU.ActiveCfg = Debug|Any CPU
		{FD013D32-F23D-4937-9A14-BCC87BA6F91A}.Debug|Any CPU.Build.0 = Debug|Any CPU
		{FD013D32-F23D-4937-9A14-BCC87BA6F91A}.Release|Any CPU.ActiveCfg = Release|Any CPU
		{FD013D32-F23D-4937-9A14-BCC87BA6F91A}.Release|Any CPU.Build.0 = Release|Any CPU
		{9F1C6F7C-FB1C-4979-9EC3-481A019F5CFF}.Debug|Any CPU.ActiveCfg = Debug|Any CPU
		{9F1C6F7C-FB1C-4979-9EC3-481A019F5CFF}.Debug|Any CPU.Build.0 = Debug|Any CPU
		{9F1C6F7C-FB1C-4979-9EC3-481A019F5CFF}.Release|Any CPU.ActiveCfg = Release|Any CPU
		{9F1C6F7C-FB1C-4979-9EC3-481A019F5CFF}.Release|Any CPU.Build.0 = Release|Any CPU
		{E01A6E3A-E1CC-41A1-A672-AAA5A0D17FE3}.Debug|Any CPU.ActiveCfg = Debug|Any CPU
		{E01A6E3A-E1CC-41A1-A672-AAA5A0D17FE3}.Debug|Any CPU.Build.0 = Debug|Any CPU
		{E01A6E3A-E1CC-41A1-A672-AAA5A0D17FE3}.Release|Any CPU.ActiveCfg = Release|Any CPU
		{E01A6E3A-E1CC-41A1-A672-AAA5A0D17FE3}.Release|Any CPU.Build.0 = Release|Any CPU
		{2F97693E-F9E1-458B-9024-BF559DF6E346}.Debug|Any CPU.ActiveCfg = Debug|Any CPU
		{2F97693E-F9E1-458B-9024-BF559DF6E346}.Debug|Any CPU.Build.0 = Debug|Any CPU
		{2F97693E-F9E1-458B-9024-BF559DF6E346}.Release|Any CPU.ActiveCfg = Release|Any CPU
		{2F97693E-F9E1-458B-9024-BF559DF6E346}.Release|Any CPU.Build.0 = Release|Any CPU
		{645011A4-8A00-48F7-BA46-582794371F6E}.Debug|Any CPU.ActiveCfg = Debug|Any CPU
		{645011A4-8A00-48F7-BA46-582794371F6E}.Debug|Any CPU.Build.0 = Debug|Any CPU
		{645011A4-8A00-48F7-BA46-582794371F6E}.Release|Any CPU.ActiveCfg = Release|Any CPU
		{645011A4-8A00-48F7-BA46-582794371F6E}.Release|Any CPU.Build.0 = Release|Any CPU
		{3D3DED35-13CE-4209-937B-8F95AD1B6B0B}.Debug|Any CPU.ActiveCfg = Debug
		{3D3DED35-13CE-4209-937B-8F95AD1B6B0B}.Release|Any CPU.ActiveCfg = Release
	EndGlobalSection
	GlobalSection(SolutionProperties) = preSolution
		HideSolutionNode = FALSE
	EndGlobalSection
	GlobalSection(ExtensibilityGlobals) = postSolution
		SolutionGuid = {FD29F5E0-A64A-4F05-A836-8E5AF83A7F49}
	EndGlobalSection
EndGlobal
